
Microsoft Visual Studio Solution File, Format Version 12.00
# Visual Studio 15
Project("{FAE04EC0-301F-11D3-BF4B-00C04F79EFBC}") = "MagmaGraph.Application", "MagmaGraph.Application\MagmaGraph.Application.csproj", "{C8D8D337-8E40-42A1-9579-4EA92FB886A6}"
EndProject
Project("{FAE04EC0-301F-11D3-BF4B-00C04F79EFBC}") = "MagmaGraph.Core", "MagmaGraph.Core\MagmaGraph.Core.csproj", "{892E10D0-CF18-42FF-B839-E7A240357252}"
EndProject
Project("{FAE04EC0-301F-11D3-BF4B-00C04F79EFBC}") = "MagmaGraph.Algorithms", "MagmaGraph.Algorithms\MagmaGraph.Algorithms.csproj", "{C59C808D-9DC7-4915-BEA2-14E63D6472E8}"
EndProject
Project("{FAE04EC0-301F-11D3-BF4B-00C04F79EFBC}") = "MagmaGraph.IO", "MagmaGraph.IO\MagmaGraph.IO.csproj", "{53590598-AD4D-4659-B1E4-F851959B967E}"
EndProject
Project("{FAE04EC0-301F-11D3-BF4B-00C04F79EFBC}") = "MagmaGraph.Core.Tests", "MagmaGraph.Core.Tests\MagmaGraph.Core.Tests.csproj", "{9BEE7EC9-5246-4AA0-9735-3241C099CEAC}"
EndProject
Project("{FAE04EC0-301F-11D3-BF4B-00C04F79EFBC}") = "MagmaGraph.IO.Tests", "MagmaGraph.IO.Tests\MagmaGraph.IO.Tests.csproj", "{93E51E43-6B2B-416B-89DE-CB58BBB9B9CD}"
EndProject
Project("{FAE04EC0-301F-11D3-BF4B-00C04F79EFBC}") = "MagmaGraph.Algorithms.Tests", "MagmaGraph.Algorithms.Tests\MagmaGraph.Algorithms.Tests.csproj", "{7A45325F-9F63-436C-83B7-7807B6A064EF}"
EndProject
Global
	GlobalSection(SolutionConfigurationPlatforms) = preSolution
		Debug|Any CPU = Debug|Any CPU
		Release|Any CPU = Release|Any CPU
	EndGlobalSection
	GlobalSection(ProjectConfigurationPlatforms) = postSolution
		{C8D8D337-8E40-42A1-9579-4EA92FB886A6}.Debug|Any CPU.ActiveCfg = Debug|Any CPU
		{C8D8D337-8E40-42A1-9579-4EA92FB886A6}.Debug|Any CPU.Build.0 = Debug|Any CPU
		{C8D8D337-8E40-42A1-9579-4EA92FB886A6}.Release|Any CPU.ActiveCfg = Release|Any CPU
		{C8D8D337-8E40-42A1-9579-4EA92FB886A6}.Release|Any CPU.Build.0 = Release|Any CPU
		{892E10D0-CF18-42FF-B839-E7A240357252}.Debug|Any CPU.ActiveCfg = Debug|Any CPU
		{892E10D0-CF18-42FF-B839-E7A240357252}.Debug|Any CPU.Build.0 = Debug|Any CPU
		{892E10D0-CF18-42FF-B839-E7A240357252}.Release|Any CPU.ActiveCfg = Release|Any CPU
		{892E10D0-CF18-42FF-B839-E7A240357252}.Release|Any CPU.Build.0 = Release|Any CPU
		{C59C808D-9DC7-4915-BEA2-14E63D6472E8}.Debug|Any CPU.ActiveCfg = Debug|Any CPU
		{C59C808D-9DC7-4915-BEA2-14E63D6472E8}.Debug|Any CPU.Build.0 = Debug|Any CPU
		{C59C808D-9DC7-4915-BEA2-14E63D6472E8}.Release|Any CPU.ActiveCfg = Release|Any CPU
		{C59C808D-9DC7-4915-BEA2-14E63D6472E8}.Release|Any CPU.Build.0 = Release|Any CPU
		{53590598-AD4D-4659-B1E4-F851959B967E}.Debug|Any CPU.ActiveCfg = Debug|Any CPU
		{53590598-AD4D-4659-B1E4-F851959B967E}.Debug|Any CPU.Build.0 = Debug|Any CPU
		{53590598-AD4D-4659-B1E4-F851959B967E}.Release|Any CPU.ActiveCfg = Release|Any CPU
		{53590598-AD4D-4659-B1E4-F851959B967E}.Release|Any CPU.Build.0 = Release|Any CPU
		{9BEE7EC9-5246-4AA0-9735-3241C099CEAC}.Debug|Any CPU.ActiveCfg = Debug|Any CPU
		{9BEE7EC9-5246-4AA0-9735-3241C099CEAC}.Debug|Any CPU.Build.0 = Debug|Any CPU
		{9BEE7EC9-5246-4AA0-9735-3241C099CEAC}.Release|Any CPU.ActiveCfg = Release|Any CPU
		{9BEE7EC9-5246-4AA0-9735-3241C099CEAC}.Release|Any CPU.Build.0 = Release|Any CPU
		{93E51E43-6B2B-416B-89DE-CB58BBB9B9CD}.Debug|Any CPU.ActiveCfg = Debug|Any CPU
		{93E51E43-6B2B-416B-89DE-CB58BBB9B9CD}.Debug|Any CPU.Build.0 = Debug|Any CPU
		{93E51E43-6B2B-416B-89DE-CB58BBB9B9CD}.Release|Any CPU.ActiveCfg = Release|Any CPU
		{93E51E43-6B2B-416B-89DE-CB58BBB9B9CD}.Release|Any CPU.Build.0 = Release|Any CPU
		{7A45325F-9F63-436C-83B7-7807B6A064EF}.Debug|Any CPU.ActiveCfg = Debug|Any CPU
		{7A45325F-9F63-436C-83B7-7807B6A064EF}.Debug|Any CPU.Build.0 = Debug|Any CPU
		{7A45325F-9F63-436C-83B7-7807B6A064EF}.Release|Any CPU.ActiveCfg = Release|Any CPU
		{7A45325F-9F63-436C-83B7-7807B6A064EF}.Release|Any CPU.Build.0 = Release|Any CPU
	EndGlobalSection
EndGlobal
